
Microsoft Visual Studio Solution File, Format Version 12.00
# Visual Studio Version 17
VisualStudioVersion = 17.13.35919.96 d17.13
MinimumVisualStudioVersion = 10.0.40219.1
Project("{FAE04EC0-301F-11D3-BF4B-00C04F79EFBC}") = "Laboratory Activity 3", "Laboratory Activity 3.csproj", "{0BDFE3E0-33BB-4D6E-9524-3B98644E5850}"
EndProject
Global
	GlobalSection(SolutionConfigurationPlatforms) = preSolution
		Debug|Any CPU = Debug|Any CPU
		Release|Any CPU = Release|Any CPU
	EndGlobalSection
	GlobalSection(ProjectConfigurationPlatforms) = postSolution
		{0BDFE3E0-33BB-4D6E-9524-3B98644E5850}.Debug|Any CPU.ActiveCfg = Debug|Any CPU
		{0BDFE3E0-33BB-4D6E-9524-3B98644E5850}.Debug|Any CPU.Build.0 = Debug|Any CPU
		{0BDFE3E0-33BB-4D6E-9524-3B98644E5850}.Release|Any CPU.ActiveCfg = Release|Any CPU
		{0BDFE3E0-33BB-4D6E-9524-3B98644E5850}.Release|Any CPU.Build.0 = Release|Any CPU
	EndGlobalSection
	GlobalSection(SolutionProperties) = preSolution
		HideSolutionNode = FALSE
	EndGlobalSection
	GlobalSection(ExtensibilityGlobals) = postSolution
		SolutionGuid = {1AA51EA7-505B-4622-BA82-0B58074AF18A}
	EndGlobalSection
EndGlobal
